
Microsoft Visual Studio Solution File, Format Version 12.00
# Visual Studio Version 17
VisualStudioVersion = 17.4.33110.190
MinimumVisualStudioVersion = 10.0.40219.1
Project("{9A19103F-16F7-4668-BE54-9A1E7A4F7556}") = "Application", "src\Application\Application.csproj", "{5CEFCADC-6085-4BB8-96F3-D60F6629EDC2}"
EndProject
Project("{9A19103F-16F7-4668-BE54-9A1E7A4F7556}") = "Core", "src\Domain\Core.csproj", "{1C4A270E-AC74-496D-B8AE-DB191402C69D}"
EndProject
Project("{9A19103F-16F7-4668-BE54-9A1E7A4F7556}") = "Infrastructure", "src\Infrastructure\Infrastructure.csproj", "{5D7D9452-7E90-4415-ADD5-B1436F68F3AB}"
EndProject
Project("{9A19103F-16F7-4668-BE54-9A1E7A4F7556}") = "Api", "src\Presentation\Api.csproj", "{5EE4CA72-172C-409D-9A70-A8B26BDA9745}"
EndProject
Project("{9A19103F-16F7-4668-BE54-9A1E7A4F7556}") = "Core.Tests", "Core.Tests\Core.Tests.csproj", "{257A68E5-E831-4CE2-A928-F481CF19F1B7}"
EndProject
Project("{FAE04EC0-301F-11D3-BF4B-00C04F79EFBC}") = "Infrastructure.Tests", "Infrastructure.Tests\Infrastructure.Tests.csproj", "{D675CFF0-7132-4F35-9A55-D8D043B341EB}"
EndProject
Global
	GlobalSection(SolutionConfigurationPlatforms) = preSolution
		Debug|Any CPU = Debug|Any CPU
		Release|Any CPU = Release|Any CPU
	EndGlobalSection
	GlobalSection(ProjectConfigurationPlatforms) = postSolution
		{5CEFCADC-6085-4BB8-96F3-D60F6629EDC2}.Debug|Any CPU.ActiveCfg = Debug|Any CPU
		{5CEFCADC-6085-4BB8-96F3-D60F6629EDC2}.Debug|Any CPU.Build.0 = Debug|Any CPU
		{5CEFCADC-6085-4BB8-96F3-D60F6629EDC2}.Release|Any CPU.ActiveCfg = Release|Any CPU
		{5CEFCADC-6085-4BB8-96F3-D60F6629EDC2}.Release|Any CPU.Build.0 = Release|Any CPU
		{1C4A270E-AC74-496D-B8AE-DB191402C69D}.Debug|Any CPU.ActiveCfg = Debug|Any CPU
		{1C4A270E-AC74-496D-B8AE-DB191402C69D}.Debug|Any CPU.Build.0 = Debug|Any CPU
		{1C4A270E-AC74-496D-B8AE-DB191402C69D}.Release|Any CPU.ActiveCfg = Release|Any CPU
		{1C4A270E-AC74-496D-B8AE-DB191402C69D}.Release|Any CPU.Build.0 = Release|Any CPU
		{5D7D9452-7E90-4415-ADD5-B1436F68F3AB}.Debug|Any CPU.ActiveCfg = Debug|Any CPU
		{5D7D9452-7E90-4415-ADD5-B1436F68F3AB}.Debug|Any CPU.Build.0 = Debug|Any CPU
		{5D7D9452-7E90-4415-ADD5-B1436F68F3AB}.Release|Any CPU.ActiveCfg = Release|Any CPU
		{5D7D9452-7E90-4415-ADD5-B1436F68F3AB}.Release|Any CPU.Build.0 = Release|Any CPU
		{5EE4CA72-172C-409D-9A70-A8B26BDA9745}.Debug|Any CPU.ActiveCfg = Debug|Any CPU
		{5EE4CA72-172C-409D-9A70-A8B26BDA9745}.Debug|Any CPU.Build.0 = Debug|Any CPU
		{5EE4CA72-172C-409D-9A70-A8B26BDA9745}.Release|Any CPU.ActiveCfg = Release|Any CPU
		{5EE4CA72-172C-409D-9A70-A8B26BDA9745}.Release|Any CPU.Build.0 = Release|Any CPU
		{257A68E5-E831-4CE2-A928-F481CF19F1B7}.Debug|Any CPU.ActiveCfg = Debug|Any CPU
		{257A68E5-E831-4CE2-A928-F481CF19F1B7}.Debug|Any CPU.Build.0 = Debug|Any CPU
		{257A68E5-E831-4CE2-A928-F481CF19F1B7}.Release|Any CPU.ActiveCfg = Release|Any CPU
		{257A68E5-E831-4CE2-A928-F481CF19F1B7}.Release|Any CPU.Build.0 = Release|Any CPU
		{D675CFF0-7132-4F35-9A55-D8D043B341EB}.Debug|Any CPU.ActiveCfg = Debug|Any CPU
		{D675CFF0-7132-4F35-9A55-D8D043B341EB}.Debug|Any CPU.Build.0 = Debug|Any CPU
		{D675CFF0-7132-4F35-9A55-D8D043B341EB}.Release|Any CPU.ActiveCfg = Release|Any CPU
		{D675CFF0-7132-4F35-9A55-D8D043B341EB}.Release|Any CPU.Build.0 = Release|Any CPU
	EndGlobalSection
	GlobalSection(SolutionProperties) = preSolution
		HideSolutionNode = FALSE
	EndGlobalSection
	GlobalSection(ExtensibilityGlobals) = postSolution
		SolutionGuid = {3F238848-88FC-48E4-91B5-59C67B841720}
	EndGlobalSection
EndGlobal
